{
    "_readme": [
        "This file locks the dependencies of your project to a known state",
        "Read more about it at http://getcomposer.org/doc/01-basic-usage.md#composer-lock-the-lock-file"
    ],
    "hash": "0733d31a920f4f6880d2a7f9e57f3a3c",
    "packages": [
        {
            "name": "abraham/twitteroauth",
            "version": "dev-master",
            "source": {
                "type": "git",
                "url": "git://github.com/abraham/twitteroauth.git",
                "reference": "master"
            },
            "dist": {
                "type": "zip",
                "url": "https://github.com/abraham/twitteroauth/zipball/master",
                "reference": null,
                "shasum": null
            },
            "type": "library",
            "time": "2013-06-21 12:48:06"
        },
        {
            "name": "smarty/smarty",
            "version": "v3.1.14",
            "source": {
                "type": "svn",
                "url": "http://smarty-php.googlecode.com/svn",
                "reference": "/tags/v3.1.14/@4752"
            },
            "require": {
                "php": ">=5.2"
            },
            "type": "library",
            "autoload": {
                "classmap": [
                    "distribution/libs/Smarty.class.php",
                    "distribution/libs/SmartyBC.class.php",
                    "distribution/libs/sysplugins/smarty_security.php"
                ]
            },
            "notification-url": "https://packagist.org/downloads/",
            "license": [
                "LGPL-3.0"
            ],
            "authors": [
                {
                    "name": "Monte Ohrt",
                    "email": "monte@ohrt.com"
                },
                {
                    "name": "Uwe Tews",
                    "email": "uwe.tews@googlemail.com"
                },
                {
                    "name": "Rodney Rehm",
                    "email": "rodney.rehm@medialize.de"
                }
            ],
            "description": "Smarty - the compiling PHP template engine",
            "homepage": "http://www.smarty.net",
            "keywords": [
                "templating"
            ],
            "time": "2013-07-02 16:38:47"
        }
    ],
    "packages-dev": [

    ],
    "aliases": [

    ],
    "minimum-stability": "stable",
    "stability-flags": {
        "abraham/twitteroauth": 20
    },
    "platform": {
        "php": ">=5.3.0",
        "ext-sqlite3": "*"
    },
    "platform-dev": [

    ]
}
